
Microsoft Visual Studio Solution File, Format Version 12.00
# Visual Studio Version 16
VisualStudioVersion = 16.0.31229.75
MinimumVisualStudioVersion = 10.0.40219.1
Project("{FAE04EC0-301F-11D3-BF4B-00C04F79EFBC}") = "LearnClassesAndObjects", "LearnClassesAndObjects\LearnClassesAndObjects.csproj", "{98C139FD-97B0-4E33-B46E-AB94DA5A6F45}"
EndProject
Project("{FAE04EC0-301F-11D3-BF4B-00C04F79EFBC}") = "LearnClassesAndObjectsTests", "LearnClassesAndObjectsTests\LearnClassesAndObjectsTests.csproj", "{25A44FF8-ED60-4D0C-A766-E5DF05804535}"
EndProject
Global
	GlobalSection(SolutionConfigurationPlatforms) = preSolution
		Debug|Any CPU = Debug|Any CPU
		Release|Any CPU = Release|Any CPU
	EndGlobalSection
	GlobalSection(ProjectConfigurationPlatforms) = postSolution
		{98C139FD-97B0-4E33-B46E-AB94DA5A6F45}.Debug|Any CPU.ActiveCfg = Debug|Any CPU
		{98C139FD-97B0-4E33-B46E-AB94DA5A6F45}.Debug|Any CPU.Build.0 = Debug|Any CPU
		{98C139FD-97B0-4E33-B46E-AB94DA5A6F45}.Release|Any CPU.ActiveCfg = Release|Any CPU
		{98C139FD-97B0-4E33-B46E-AB94DA5A6F45}.Release|Any CPU.Build.0 = Release|Any CPU
		{25A44FF8-ED60-4D0C-A766-E5DF05804535}.Debug|Any CPU.ActiveCfg = Debug|Any CPU
		{25A44FF8-ED60-4D0C-A766-E5DF05804535}.Debug|Any CPU.Build.0 = Debug|Any CPU
		{25A44FF8-ED60-4D0C-A766-E5DF05804535}.Release|Any CPU.ActiveCfg = Release|Any CPU
		{25A44FF8-ED60-4D0C-A766-E5DF05804535}.Release|Any CPU.Build.0 = Release|Any CPU
	EndGlobalSection
	GlobalSection(SolutionProperties) = preSolution
		HideSolutionNode = FALSE
	EndGlobalSection
	GlobalSection(ExtensibilityGlobals) = postSolution
		SolutionGuid = {70CB434D-77AA-4962-8052-70834F7314A4}
	EndGlobalSection
EndGlobal
